// !$*UTF8*$!
{
	archiveVersion = 1;
	classes = {
	};
	objectVersion = 51;
	objects = {

/* Begin PBXBuildFile section */
		5C1C3CBD25631EDE000B5DAC /* GoogleService-Info.plist in Resources */ = {isa = PBXBuildFile; fileRef = 5C1C3CBC25631EDE000B5DAC /* GoogleService-Info.plist */; };
		5C4924F22564684000133213 /* DatabaseManager.swift in Sources */ = {isa = PBXBuildFile; fileRef = 5C4924F12564684000133213 /* DatabaseManager.swift */; };
		5CDE959D256A7B9F002947DB /* ChatViewController.swift in Sources */ = {isa = PBXBuildFile; fileRef = 5CDE959C256A7B9F002947DB /* ChatViewController.swift */; };
		5CF778FE255F0D9700763C82 /* AppDelegate.swift in Sources */ = {isa = PBXBuildFile; fileRef = 5CF778FD255F0D9700763C82 /* AppDelegate.swift */; };
		5CF77900255F0D9700763C82 /* SceneDelegate.swift in Sources */ = {isa = PBXBuildFile; fileRef = 5CF778FF255F0D9700763C82 /* SceneDelegate.swift */; };
		5CF77902255F0D9700763C82 /* ConversationsViewController.swift in Sources */ = {isa = PBXBuildFile; fileRef = 5CF77901255F0D9700763C82 /* ConversationsViewController.swift */; };
		5CF77905255F0D9700763C82 /* Main.storyboard in Resources */ = {isa = PBXBuildFile; fileRef = 5CF77903255F0D9700763C82 /* Main.storyboard */; };
		5CF77907255F0D9900763C82 /* Assets.xcassets in Resources */ = {isa = PBXBuildFile; fileRef = 5CF77906255F0D9900763C82 /* Assets.xcassets */; };
		5CF7790A255F0D9900763C82 /* LaunchScreen.storyboard in Resources */ = {isa = PBXBuildFile; fileRef = 5CF77908255F0D9900763C82 /* LaunchScreen.storyboard */; };
		5CF77918255F121300763C82 /* LoginViewController.swift in Sources */ = {isa = PBXBuildFile; fileRef = 5CF77917255F121300763C82 /* LoginViewController.swift */; };
		5CF7791A255F122C00763C82 /* RegisterViewController.swift in Sources */ = {isa = PBXBuildFile; fileRef = 5CF77919255F122C00763C82 /* RegisterViewController.swift */; };
		5CF7791C255F125000763C82 /* PhotoViewerViewController.swift in Sources */ = {isa = PBXBuildFile; fileRef = 5CF7791B255F125000763C82 /* PhotoViewerViewController.swift */; };
		5CF7791E255F126700763C82 /* VideoPlayerViewController.swift in Sources */ = {isa = PBXBuildFile; fileRef = 5CF7791D255F126700763C82 /* VideoPlayerViewController.swift */; };
		5CF77920255F129500763C82 /* NewConversationViewController.swift in Sources */ = {isa = PBXBuildFile; fileRef = 5CF7791F255F129500763C82 /* NewConversationViewController.swift */; };
		5CF77922255F12C500763C82 /* ProfileViewController.swift in Sources */ = {isa = PBXBuildFile; fileRef = 5CF77921255F12C500763C82 /* ProfileViewController.swift */; };
		5CF7792525617AA500763C82 /* Extensions.swift in Sources */ = {isa = PBXBuildFile; fileRef = 5CF7792425617AA500763C82 /* Extensions.swift */; };
		9E50F11D2A4DD80782E49F8A /* Pods_Messenger.framework in Frameworks */ = {isa = PBXBuildFile; fileRef = 38FA5964B2F2206175B551B0 /* Pods_Messenger.framework */; };
/* End PBXBuildFile section */

/* Begin PBXFileReference section */
		38FA5964B2F2206175B551B0 /* Pods_Messenger.framework */ = {isa = PBXFileReference; explicitFileType = wrapper.framework; includeInIndex = 0; path = Pods_Messenger.framework; sourceTree = BUILT_PRODUCTS_DIR; };
		5C1C3CBC25631EDE000B5DAC /* GoogleService-Info.plist */ = {isa = PBXFileReference; fileEncoding = 4; lastKnownFileType = text.plist.xml; name = "GoogleService-Info.plist"; path = "../../../Downloads/GoogleService-Info.plist"; sourceTree = "<group>"; };
		5C4924F12564684000133213 /* DatabaseManager.swift */ = {isa = PBXFileReference; lastKnownFileType = sourcecode.swift; path = DatabaseManager.swift; sourceTree = "<group>"; };
		5CDE959C256A7B9F002947DB /* ChatViewController.swift */ = {isa = PBXFileReference; lastKnownFileType = sourcecode.swift; path = ChatViewController.swift; sourceTree = "<group>"; };
		5CF778FA255F0D9700763C82 /* Messenger.app */ = {isa = PBXFileReference; explicitFileType = wrapper.application; includeInIndex = 0; path = Messenger.app; sourceTree = BUILT_PRODUCTS_DIR; };
		5CF778FD255F0D9700763C82 /* AppDelegate.swift */ = {isa = PBXFileReference; lastKnownFileType = sourcecode.swift; path = AppDelegate.swift; sourceTree = "<group>"; };
		5CF778FF255F0D9700763C82 /* SceneDelegate.swift */ = {isa = PBXFileReference; lastKnownFileType = sourcecode.swift; path = SceneDelegate.swift; sourceTree = "<group>"; };
		5CF77901255F0D9700763C82 /* ConversationsViewController.swift */ = {isa = PBXFileReference; lastKnownFileType = sourcecode.swift; path = ConversationsViewController.swift; sourceTree = "<group>"; };
		5CF77904255F0D9700763C82 /* Base */ = {isa = PBXFileReference; lastKnownFileType = file.storyboard; name = Base; path = Base.lproj/Main.storyboard; sourceTree = "<group>"; };
		5CF77906255F0D9900763C82 /* Assets.xcassets */ = {isa = PBXFileReference; lastKnownFileType = folder.assetcatalog; path = Assets.xcassets; sourceTree = "<group>"; };
		5CF77909255F0D9900763C82 /* Base */ = {isa = PBXFileReference; lastKnownFileType = file.storyboard; name = Base; path = Base.lproj/LaunchScreen.storyboard; sourceTree = "<group>"; };
		5CF7790B255F0D9900763C82 /* Info.plist */ = {isa = PBXFileReference; lastKnownFileType = text.plist.xml; path = Info.plist; sourceTree = "<group>"; };
		5CF77917255F121300763C82 /* LoginViewController.swift */ = {isa = PBXFileReference; lastKnownFileType = sourcecode.swift; path = LoginViewController.swift; sourceTree = "<group>"; };
		5CF77919255F122C00763C82 /* RegisterViewController.swift */ = {isa = PBXFileReference; lastKnownFileType = sourcecode.swift; path = RegisterViewController.swift; sourceTree = "<group>"; };
		5CF7791B255F125000763C82 /* PhotoViewerViewController.swift */ = {isa = PBXFileReference; lastKnownFileType = sourcecode.swift; path = PhotoViewerViewController.swift; sourceTree = "<group>"; };
		5CF7791D255F126700763C82 /* VideoPlayerViewController.swift */ = {isa = PBXFileReference; lastKnownFileType = sourcecode.swift; path = VideoPlayerViewController.swift; sourceTree = "<group>"; };
		5CF7791F255F129500763C82 /* NewConversationViewController.swift */ = {isa = PBXFileReference; lastKnownFileType = sourcecode.swift; name = NewConversationViewController.swift; path = Messenger/Controllers/NewConversationViewController.swift; sourceTree = SOURCE_ROOT; };
		5CF77921255F12C500763C82 /* ProfileViewController.swift */ = {isa = PBXFileReference; lastKnownFileType = sourcecode.swift; path = ProfileViewController.swift; sourceTree = "<group>"; };
		5CF7792425617AA500763C82 /* Extensions.swift */ = {isa = PBXFileReference; lastKnownFileType = sourcecode.swift; path = Extensions.swift; sourceTree = "<group>"; };
		8CAA05FE60CC8E373E358E83 /* Pods-Messenger.debug.xcconfig */ = {isa = PBXFileReference; includeInIndex = 1; lastKnownFileType = text.xcconfig; name = "Pods-Messenger.debug.xcconfig"; path = "Target Support Files/Pods-Messenger/Pods-Messenger.debug.xcconfig"; sourceTree = "<group>"; };
		A40BB76920809EF8DDA80FD1 /* Pods-Messenger.release.xcconfig */ = {isa = PBXFileReference; includeInIndex = 1; lastKnownFileType = text.xcconfig; name = "Pods-Messenger.release.xcconfig"; path = "Target Support Files/Pods-Messenger/Pods-Messenger.release.xcconfig"; sourceTree = "<group>"; };
/* End PBXFileReference section */

/* Begin PBXFrameworksBuildPhase section */
		5CF778F7255F0D9700763C82 /* Frameworks */ = {
			isa = PBXFrameworksBuildPhase;
			buildActionMask = 2147483647;
			files = (
				9E50F11D2A4DD80782E49F8A /* Pods_Messenger.framework in Frameworks */,
			);
			runOnlyForDeploymentPostprocessing = 0;
		};
/* End PBXFrameworksBuildPhase section */

/* Begin PBXGroup section */
		29B3CBFEC45ADC0461D5EDA7 /* Pods */ = {
			isa = PBXGroup;
			children = (
				8CAA05FE60CC8E373E358E83 /* Pods-Messenger.debug.xcconfig */,
				A40BB76920809EF8DDA80FD1 /* Pods-Messenger.release.xcconfig */,
			);
			path = Pods;
			sourceTree = "<group>";
		};
		5CF778F1255F0D9700763C82 = {
			isa = PBXGroup;
			children = (
				5CF778FC255F0D9700763C82 /* Messenger */,
				5CF778FB255F0D9700763C82 /* Products */,
				29B3CBFEC45ADC0461D5EDA7 /* Pods */,
				A6CB365FFCFA7DBDDFCDBD6C /* Frameworks */,
			);
			sourceTree = "<group>";
		};
		5CF778FB255F0D9700763C82 /* Products */ = {
			isa = PBXGroup;
			children = (
				5CF778FA255F0D9700763C82 /* Messenger.app */,
			);
			name = Products;
			sourceTree = "<group>";
		};
		5CF778FC255F0D9700763C82 /* Messenger */ = {
			isa = PBXGroup;
			children = (
				5C1C3CBC25631EDE000B5DAC /* GoogleService-Info.plist */,
				5CF77915255F0FA100763C82 /* Resources */,
				5CF77914255F0F9400763C82 /* ViewModels */,
				5CF77913255F0F7F00763C82 /* Models */,
				5CF77912255F0F6F00763C82 /* Views */,
				5CF77911255F0F6200763C82 /* Controllers */,
				5CF7790B255F0D9900763C82 /* Info.plist */,
			);
			path = Messenger;
			sourceTree = "<group>";
		};
		5CF77911255F0F6200763C82 /* Controllers */ = {
			isa = PBXGroup;
			children = (
				5CF77901255F0D9700763C82 /* ConversationsViewController.swift */,
				5CF779232561617B00763C82 /* Login_Register */,
				5CF7791B255F125000763C82 /* PhotoViewerViewController.swift */,
				5CF7791D255F126700763C82 /* VideoPlayerViewController.swift */,
				5CF7791F255F129500763C82 /* NewConversationViewController.swift */,
				5CF77921255F12C500763C82 /* ProfileViewController.swift */,
				5CDE959C256A7B9F002947DB /* ChatViewController.swift */,
			);
			path = Controllers;
			sourceTree = "<group>";
		};
		5CF77912255F0F6F00763C82 /* Views */ = {
			isa = PBXGroup;
			children = (
				5CF77916255F0FDF00763C82 /* Storyboards */,
				5CF77906255F0D9900763C82 /* Assets.xcassets */,
			);
			path = Views;
			sourceTree = "<group>";
		};
		5CF77913255F0F7F00763C82 /* Models */ = {
			isa = PBXGroup;
			children = (
			);
			path = Models;
			sourceTree = "<group>";
		};
		5CF77914255F0F9400763C82 /* ViewModels */ = {
			isa = PBXGroup;
			children = (
			);
			path = ViewModels;
			sourceTree = "<group>";
		};
		5CF77915255F0FA100763C82 /* Resources */ = {
			isa = PBXGroup;
			children = (
				5CF7792425617AA500763C82 /* Extensions.swift */,
				5CF778FD255F0D9700763C82 /* AppDelegate.swift */,
				5CF778FF255F0D9700763C82 /* SceneDelegate.swift */,
				5C4924F12564684000133213 /* DatabaseManager.swift */,
			);
			path = Resources;
			sourceTree = "<group>";
		};
		5CF77916255F0FDF00763C82 /* Storyboards */ = {
			isa = PBXGroup;
			children = (
				5CF77903255F0D9700763C82 /* Main.storyboard */,
				5CF77908255F0D9900763C82 /* LaunchScreen.storyboard */,
			);
			path = Storyboards;
			sourceTree = "<group>";
		};
		5CF779232561617B00763C82 /* Login_Register */ = {
			isa = PBXGroup;
			children = (
				5CF77917255F121300763C82 /* LoginViewController.swift */,
				5CF77919255F122C00763C82 /* RegisterViewController.swift */,
			);
			path = Login_Register;
			sourceTree = "<group>";
		};
		A6CB365FFCFA7DBDDFCDBD6C /* Frameworks */ = {
			isa = PBXGroup;
			children = (
				38FA5964B2F2206175B551B0 /* Pods_Messenger.framework */,
			);
			name = Frameworks;
			sourceTree = "<group>";
		};
/* End PBXGroup section */

/* Begin PBXNativeTarget section */
		5CF778F9255F0D9700763C82 /* Messenger */ = {
			isa = PBXNativeTarget;
			buildConfigurationList = 5CF7790E255F0D9900763C82 /* Build configuration list for PBXNativeTarget "Messenger" */;
			buildPhases = (
				68CCA4451DFBB5E3534E262D /* [CP] Check Pods Manifest.lock */,
				5CF778F6255F0D9700763C82 /* Sources */,
				5CF778F7255F0D9700763C82 /* Frameworks */,
				5CF778F8255F0D9700763C82 /* Resources */,
				C48F2B2B10BE68C079C16048 /* [CP] Embed Pods Frameworks */,
			);
			buildRules = (
			);
			dependencies = (
			);
			name = Messenger;
			productName = Messenger;
			productReference = 5CF778FA255F0D9700763C82 /* Messenger.app */;
			productType = "com.apple.product-type.application";
		};
/* End PBXNativeTarget section */

/* Begin PBXProject section */
		5CF778F2255F0D9700763C82 /* Project object */ = {
			isa = PBXProject;
			attributes = {
				LastSwiftUpdateCheck = 1130;
				LastUpgradeCheck = 1130;
				ORGANIZATIONNAME = "Alycia Saris";
				TargetAttributes = {
					5CF778F9255F0D9700763C82 = {
						CreatedOnToolsVersion = 11.3.1;
					};
				};
			};
			buildConfigurationList = 5CF778F5255F0D9700763C82 /* Build configuration list for PBXProject "Messenger" */;
			compatibilityVersion = "Xcode 9.3";
			developmentRegion = en;
			hasScannedForEncodings = 0;
			knownRegions = (
				en,
				Base,
			);
			mainGroup = 5CF778F1255F0D9700763C82;
			productRefGroup = 5CF778FB255F0D9700763C82 /* Products */;
			projectDirPath = "";
			projectRoot = "";
			targets = (
				5CF778F9255F0D9700763C82 /* Messenger */,
			);
		};
/* End PBXProject section */

/* Begin PBXResourcesBuildPhase section */
		5CF778F8255F0D9700763C82 /* Resources */ = {
			isa = PBXResourcesBuildPhase;
			buildActionMask = 2147483647;
			files = (
				5CF7790A255F0D9900763C82 /* LaunchScreen.storyboard in Resources */,
				5C1C3CBD25631EDE000B5DAC /* GoogleService-Info.plist in Resources */,
				5CF77907255F0D9900763C82 /* Assets.xcassets in Resources */,
				5CF77905255F0D9700763C82 /* Main.storyboard in Resources */,
			);
			runOnlyForDeploymentPostprocessing = 0;
		};
/* End PBXResourcesBuildPhase section */

/* Begin PBXShellScriptBuildPhase section */
		68CCA4451DFBB5E3534E262D /* [CP] Check Pods Manifest.lock */ = {
			isa = PBXShellScriptBuildPhase;
			buildActionMask = 2147483647;
			files = (
			);
			inputFileListPaths = (
			);
			inputPaths = (
				"${PODS_PODFILE_DIR_PATH}/Podfile.lock",
				"${PODS_ROOT}/Manifest.lock",
			);
			name = "[CP] Check Pods Manifest.lock";
			outputFileListPaths = (
			);
			outputPaths = (
				"$(DERIVED_FILE_DIR)/Pods-Messenger-checkManifestLockResult.txt",
			);
			runOnlyForDeploymentPostprocessing = 0;
			shellPath = /bin/sh;
			shellScript = "diff \"${PODS_PODFILE_DIR_PATH}/Podfile.lock\" \"${PODS_ROOT}/Manifest.lock\" > /dev/null\nif [ $? != 0 ] ; then\n    # print error to STDERR\n    echo \"error: The sandbox is not in sync with the Podfile.lock. Run 'pod install' or update your CocoaPods installation.\" >&2\n    exit 1\nfi\n# This output is used by Xcode 'outputs' to avoid re-running this script phase.\necho \"SUCCESS\" > \"${SCRIPT_OUTPUT_FILE_0}\"\n";
			showEnvVarsInLog = 0;
		};
		C48F2B2B10BE68C079C16048 /* [CP] Embed Pods Frameworks */ = {
			isa = PBXShellScriptBuildPhase;
			buildActionMask = 2147483647;
			files = (
			);
			inputFileListPaths = (
				"${PODS_ROOT}/Target Support Files/Pods-Messenger/Pods-Messenger-frameworks-${CONFIGURATION}-input-files.xcfilelist",
			);
			name = "[CP] Embed Pods Frameworks";
			outputFileListPaths = (
				"${PODS_ROOT}/Target Support Files/Pods-Messenger/Pods-Messenger-frameworks-${CONFIGURATION}-output-files.xcfilelist",
			);
			runOnlyForDeploymentPostprocessing = 0;
			shellPath = /bin/sh;
			shellScript = "\"${PODS_ROOT}/Target Support Files/Pods-Messenger/Pods-Messenger-frameworks.sh\"\n";
			showEnvVarsInLog = 0;
		};
/* End PBXShellScriptBuildPhase section */

/* Begin PBXSourcesBuildPhase section */
		5CF778F6255F0D9700763C82 /* Sources */ = {
			isa = PBXSourcesBuildPhase;
			buildActionMask = 2147483647;
			files = (
				5CF77918255F121300763C82 /* LoginViewController.swift in Sources */,
				5C4924F22564684000133213 /* DatabaseManager.swift in Sources */,
				5CF7791A255F122C00763C82 /* RegisterViewController.swift in Sources */,
				5CF77920255F129500763C82 /* NewConversationViewController.swift in Sources */,
				5CF77902255F0D9700763C82 /* ConversationsViewController.swift in Sources */,
				5CF7791E255F126700763C82 /* VideoPlayerViewController.swift in Sources */,
				5CF7792525617AA500763C82 /* Extensions.swift in Sources */,
				5CF778FE255F0D9700763C82 /* AppDelegate.swift in Sources */,
				5CF77922255F12C500763C82 /* ProfileViewController.swift in Sources */,
				5CF77900255F0D9700763C82 /* SceneDelegate.swift in Sources */,
				5CDE959D256A7B9F002947DB /* ChatViewController.swift in Sources */,
				5CF7791C255F125000763C82 /* PhotoViewerViewController.swift in Sources */,
			);
			runOnlyForDeploymentPostprocessing = 0;
		};
/* End PBXSourcesBuildPhase section */

/* Begin PBXVariantGroup section */
		5CF77903255F0D9700763C82 /* Main.storyboard */ = {
			isa = PBXVariantGroup;
			children = (
				5CF77904255F0D9700763C82 /* Base */,
			);
			name = Main.storyboard;
			sourceTree = "<group>";
		};
		5CF77908255F0D9900763C82 /* LaunchScreen.storyboard */ = {
			isa = PBXVariantGroup;
			children = (
				5CF77909255F0D9900763C82 /* Base */,
			);
			name = LaunchScreen.storyboard;
			sourceTree = "<group>";
		};
/* End PBXVariantGroup section */

/* Begin XCBuildConfiguration section */
		5CF7790C255F0D9900763C82 /* Debug */ = {
			isa = XCBuildConfiguration;
			buildSettings = {
				ALWAYS_SEARCH_USER_PATHS = NO;
				CLANG_ANALYZER_NONNULL = YES;
				CLANG_ANALYZER_NUMBER_OBJECT_CONVERSION = YES_AGGRESSIVE;
				CLANG_CXX_LANGUAGE_STANDARD = "gnu++14";
				CLANG_CXX_LIBRARY = "libc++";
				CLANG_ENABLE_MODULES = YES;
				CLANG_ENABLE_OBJC_ARC = YES;
				CLANG_ENABLE_OBJC_WEAK = YES;
				CLANG_WARN_BLOCK_CAPTURE_AUTORELEASING = YES;
				CLANG_WARN_BOOL_CONVERSION = YES;
				CLANG_WARN_COMMA = YES;
				CLANG_WARN_CONSTANT_CONVERSION = YES;
				CLANG_WARN_DEPRECATED_OBJC_IMPLEMENTATIONS = YES;
				CLANG_WARN_DIRECT_OBJC_ISA_USAGE = YES_ERROR;
				CLANG_WARN_DOCUMENTATION_COMMENTS = YES;
				CLANG_WARN_EMPTY_BODY = YES;
				CLANG_WARN_ENUM_CONVERSION = YES;
				CLANG_WARN_INFINITE_RECURSION = YES;
				CLANG_WARN_INT_CONVERSION = YES;
				CLANG_WARN_NON_LITERAL_NULL_CONVERSION = YES;
				CLANG_WARN_OBJC_IMPLICIT_RETAIN_SELF = YES;
				CLANG_WARN_OBJC_LITERAL_CONVERSION = YES;
				CLANG_WARN_OBJC_ROOT_CLASS = YES_ERROR;
				CLANG_WARN_RANGE_LOOP_ANALYSIS = YES;
				CLANG_WARN_STRICT_PROTOTYPES = YES;
				CLANG_WARN_SUSPICIOUS_MOVE = YES;
				CLANG_WARN_UNGUARDED_AVAILABILITY = YES_AGGRESSIVE;
				CLANG_WARN_UNREACHABLE_CODE = YES;
				CLANG_WARN__DUPLICATE_METHOD_MATCH = YES;
				COPY_PHASE_STRIP = NO;
				DEBUG_INFORMATION_FORMAT = dwarf;
				ENABLE_STRICT_OBJC_MSGSEND = YES;
				ENABLE_TESTABILITY = YES;
				GCC_C_LANGUAGE_STANDARD = gnu11;
				GCC_DYNAMIC_NO_PIC = NO;
				GCC_NO_COMMON_BLOCKS = YES;
				GCC_OPTIMIZATION_LEVEL = 0;
				GCC_PREPROCESSOR_DEFINITIONS = (
					"DEBUG=1",
					"$(inherited)",
				);
				GCC_WARN_64_TO_32_BIT_CONVERSION = YES;
				GCC_WARN_ABOUT_RETURN_TYPE = YES_ERROR;
				GCC_WARN_UNDECLARED_SELECTOR = YES;
				GCC_WARN_UNINITIALIZED_AUTOS = YES_AGGRESSIVE;
				GCC_WARN_UNUSED_FUNCTION = YES;
				GCC_WARN_UNUSED_VARIABLE = YES;
				IPHONEOS_DEPLOYMENT_TARGET = 13.2;
				MTL_ENABLE_DEBUG_INFO = INCLUDE_SOURCE;
				MTL_FAST_MATH = YES;
				ONLY_ACTIVE_ARCH = YES;
				SDKROOT = iphoneos;
				SWIFT_ACTIVE_COMPILATION_CONDITIONS = DEBUG;
				SWIFT_OPTIMIZATION_LEVEL = "-Onone";
			};
			name = Debug;
		};
		5CF7790D255F0D9900763C82 /* Release */ = {
			isa = XCBuildConfiguration;
			buildSettings = {
				ALWAYS_SEARCH_USER_PATHS = NO;
				CLANG_ANALYZER_NONNULL = YES;
				CLANG_ANALYZER_NUMBER_OBJECT_CONVERSION = YES_AGGRESSIVE;
				CLANG_CXX_LANGUAGE_STANDARD = "gnu++14";
				CLANG_CXX_LIBRARY = "libc++";
				CLANG_ENABLE_MODULES = YES;
				CLANG_ENABLE_OBJC_ARC = YES;
				CLANG_ENABLE_OBJC_WEAK = YES;
				CLANG_WARN_BLOCK_CAPTURE_AUTORELEASING = YES;
				CLANG_WARN_BOOL_CONVERSION = YES;
				CLANG_WARN_COMMA = YES;
				CLANG_WARN_CONSTANT_CONVERSION = YES;
				CLANG_WARN_DEPRECATED_OBJC_IMPLEMENTATIONS = YES;
				CLANG_WARN_DIRECT_OBJC_ISA_USAGE = YES_ERROR;
				CLANG_WARN_DOCUMENTATION_COMMENTS = YES;
				CLANG_WARN_EMPTY_BODY = YES;
				CLANG_WARN_ENUM_CONVERSION = YES;
				CLANG_WARN_INFINITE_RECURSION = YES;
				CLANG_WARN_INT_CONVERSION = YES;
				CLANG_WARN_NON_LITERAL_NULL_CONVERSION = YES;
				CLANG_WARN_OBJC_IMPLICIT_RETAIN_SELF = YES;
				CLANG_WARN_OBJC_LITERAL_CONVERSION = YES;
				CLANG_WARN_OBJC_ROOT_CLASS = YES_ERROR;
				CLANG_WARN_RANGE_LOOP_ANALYSIS = YES;
				CLANG_WARN_STRICT_PROTOTYPES = YES;
				CLANG_WARN_SUSPICIOUS_MOVE = YES;
				CLANG_WARN_UNGUARDED_AVAILABILITY = YES_AGGRESSIVE;
				CLANG_WARN_UNREACHABLE_CODE = YES;
				CLANG_WARN__DUPLICATE_METHOD_MATCH = YES;
				COPY_PHASE_STRIP = NO;
				DEBUG_INFORMATION_FORMAT = "dwarf-with-dsym";
				ENABLE_NS_ASSERTIONS = NO;
				ENABLE_STRICT_OBJC_MSGSEND = YES;
				GCC_C_LANGUAGE_STANDARD = gnu11;
				GCC_NO_COMMON_BLOCKS = YES;
				GCC_WARN_64_TO_32_BIT_CONVERSION = YES;
				GCC_WARN_ABOUT_RETURN_TYPE = YES_ERROR;
				GCC_WARN_UNDECLARED_SELECTOR = YES;
				GCC_WARN_UNINITIALIZED_AUTOS = YES_AGGRESSIVE;
				GCC_WARN_UNUSED_FUNCTION = YES;
				GCC_WARN_UNUSED_VARIABLE = YES;
				IPHONEOS_DEPLOYMENT_TARGET = 13.2;
				MTL_ENABLE_DEBUG_INFO = NO;
				MTL_FAST_MATH = YES;
				SDKROOT = iphoneos;
				SWIFT_COMPILATION_MODE = wholemodule;
				SWIFT_OPTIMIZATION_LEVEL = "-O";
				VALIDATE_PRODUCT = YES;
			};
			name = Release;
		};
		5CF7790F255F0D9900763C82 /* Debug */ = {
			isa = XCBuildConfiguration;
			baseConfigurationReference = 8CAA05FE60CC8E373E358E83 /* Pods-Messenger.debug.xcconfig */;
			buildSettings = {
				ASSETCATALOG_COMPILER_APPICON_NAME = AppIcon;
				CODE_SIGN_STYLE = Automatic;
				DEVELOPMENT_TEAM = KQPN86A2M6;
				INFOPLIST_FILE = Messenger/Info.plist;
				IPHONEOS_DEPLOYMENT_TARGET = 13.0;
				LD_RUNPATH_SEARCH_PATHS = (
					"$(inherited)",
					"@executable_path/Frameworks",
				);
				PRODUCT_BUNDLE_IDENTIFIER = com.example.Messenger;
				PRODUCT_NAME = "$(TARGET_NAME)";
				SWIFT_VERSION = 5.0;
				TARGETED_DEVICE_FAMILY = "1,2";
			};
			name = Debug;
		};
		5CF77910255F0D9900763C82 /* Release */ = {
			isa = XCBuildConfiguration;
			baseConfigurationReference = A40BB76920809EF8DDA80FD1 /* Pods-Messenger.release.xcconfig */;
			buildSettings = {
				ASSETCATALOG_COMPILER_APPICON_NAME = AppIcon;
				CODE_SIGN_STYLE = Automatic;
				DEVELOPMENT_TEAM = KQPN86A2M6;
				INFOPLIST_FILE = Messenger/Info.plist;
				IPHONEOS_DEPLOYMENT_TARGET = 13.0;
				LD_RUNPATH_SEARCH_PATHS = (
					"$(inherited)",
					"@executable_path/Frameworks",
				);
				PRODUCT_BUNDLE_IDENTIFIER = com.example.Messenger;
				PRODUCT_NAME = "$(TARGET_NAME)";
				SWIFT_VERSION = 5.0;
				TARGETED_DEVICE_FAMILY = "1,2";
			};
			name = Release;
		};
/* End XCBuildConfiguration section */

/* Begin XCConfigurationList section */
		5CF778F5255F0D9700763C82 /* Build configuration list for PBXProject "Messenger" */ = {
			isa = XCConfigurationList;
			buildConfigurations = (
				5CF7790C255F0D9900763C82 /* Debug */,
				5CF7790D255F0D9900763C82 /* Release */,
			);
			defaultConfigurationIsVisible = 0;
			defaultConfigurationName = Release;
		};
		5CF7790E255F0D9900763C82 /* Build configuration list for PBXNativeTarget "Messenger" */ = {
			isa = XCConfigurationList;
			buildConfigurations = (
				5CF7790F255F0D9900763C82 /* Debug */,
				5CF77910255F0D9900763C82 /* Release */,
			);
			defaultConfigurationIsVisible = 0;
			defaultConfigurationName = Release;
		};
/* End XCConfigurationList section */
	};
	rootObject = 5CF778F2255F0D9700763C82 /* Project object */;
}
